
Microsoft Visual Studio Solution File, Format Version 12.00
# Visual Studio Version 17
VisualStudioVersion = 17.14.36408.4 d17.14
MinimumVisualStudioVersion = 10.0.40219.1
Project("{FAE04EC0-301F-11D3-BF4B-00C04F79EFBC}") = "Cardfile", "Cardfile\Cardfile\Cardfile.csproj", "{D1C8F75F-A1F6-41F5-AE30-BE0064E27651}"
EndProject
Project("{FAE04EC0-301F-11D3-BF4B-00C04F79EFBC}") = "Cardfile.Shared", "Cardfile\Cardfile.Shared\Cardfile.Shared.csproj", "{0B86ED33-A1BC-4A6D-A7FC-B01199F18D49}"
EndProject
Project("{FAE04EC0-301F-11D3-BF4B-00C04F79EFBC}") = "Cardfile.Web", "Cardfile\Cardfile.Web\Cardfile.Web.csproj", "{4D887852-EA00-464A-8679-68152529355D}"
EndProject
Global
	GlobalSection(SolutionConfigurationPlatforms) = preSolution
		Debug|Any CPU = Debug|Any CPU
		Release|Any CPU = Release|Any CPU
	EndGlobalSection
	GlobalSection(ProjectConfigurationPlatforms) = postSolution
		{D1C8F75F-A1F6-41F5-AE30-BE0064E27651}.Debug|Any CPU.ActiveCfg = Debug|Any CPU
		{D1C8F75F-A1F6-41F5-AE30-BE0064E27651}.Debug|Any CPU.Build.0 = Debug|Any CPU
		{D1C8F75F-A1F6-41F5-AE30-BE0064E27651}.Release|Any CPU.ActiveCfg = Release|Any CPU
		{D1C8F75F-A1F6-41F5-AE30-BE0064E27651}.Release|Any CPU.Build.0 = Release|Any CPU
		{0B86ED33-A1BC-4A6D-A7FC-B01199F18D49}.Debug|Any CPU.ActiveCfg = Debug|Any CPU
		{0B86ED33-A1BC-4A6D-A7FC-B01199F18D49}.Debug|Any CPU.Build.0 = Debug|Any CPU
		{0B86ED33-A1BC-4A6D-A7FC-B01199F18D49}.Release|Any CPU.ActiveCfg = Release|Any CPU
		{0B86ED33-A1BC-4A6D-A7FC-B01199F18D49}.Release|Any CPU.Build.0 = Release|Any CPU
		{4D887852-EA00-464A-8679-68152529355D}.Debug|Any CPU.ActiveCfg = Debug|Any CPU
		{4D887852-EA00-464A-8679-68152529355D}.Debug|Any CPU.Build.0 = Debug|Any CPU
		{4D887852-EA00-464A-8679-68152529355D}.Release|Any CPU.ActiveCfg = Release|Any CPU
		{4D887852-EA00-464A-8679-68152529355D}.Release|Any CPU.Build.0 = Release|Any CPU
	EndGlobalSection
	GlobalSection(SolutionProperties) = preSolution
		HideSolutionNode = FALSE
	EndGlobalSection
	GlobalSection(ExtensibilityGlobals) = postSolution
		SolutionGuid = {CA90D168-AABA-4332-BA26-7ADD6FD4C676}
	EndGlobalSection
EndGlobal
